
Microsoft Visual Studio Solution File, Format Version 12.00
# Visual Studio Version 16
VisualStudioVersion = 16.0.29911.84
MinimumVisualStudioVersion = 10.0.40219.1
Project("{9A19103F-16F7-4668-BE54-9A1E7A4F7556}") = "ForDotNet.Gateway", "ForDotNet.Gateway\ForDotNet.Gateway.csproj", "{FF2D8230-7C7A-4706-860F-31270CD729E3}"
EndProject
Project("{9A19103F-16F7-4668-BE54-9A1E7A4F7556}") = "ForDotNet.Auth", "ForDotNet.Auth\ForDotNet.Auth.csproj", "{BABC1855-D348-4137-ACB2-949240EB9D88}"
EndProject
Project("{9A19103F-16F7-4668-BE54-9A1E7A4F7556}") = "ForDotNet.Common", "ForDotNet.Common\ForDotNet.Common.csproj", "{F99D7E53-3F4C-4830-B0D4-3671EB64FE9C}"
EndProject
Project("{9A19103F-16F7-4668-BE54-9A1E7A4F7556}") = "ForDotNet.Web.Api", "ForDotNet.Web.Api\ForDotNet.Web.Api.csproj", "{A73C818B-55BF-4586-B9F7-4463DE5B5751}"
EndProject
Project("{2150E333-8FDC-42A3-9474-1A3956D46DE8}") = "1_Sites", "1_Sites", "{E7F62CB3-F001-4B65-B5A3-C836CDCFDC2F}"
EndProject
Project("{2150E333-8FDC-42A3-9474-1A3956D46DE8}") = "2_Lib", "2_Lib", "{C451014F-21BD-409C-96ED-93A161855995}"
EndProject
Project("{2150E333-8FDC-42A3-9474-1A3956D46DE8}") = "3_Services", "3_Services", "{EE7B522E-108B-4623-8EF8-23F1B43646C4}"
EndProject
Project("{2150E333-8FDC-42A3-9474-1A3956D46DE8}") = "4_Repsitories", "4_Repsitories", "{1FB9D9EE-D2E7-453C-8715-5765B6758D89}"
EndProject
Global
	GlobalSection(SolutionConfigurationPlatforms) = preSolution
		Debug|Any CPU = Debug|Any CPU
		Release|Any CPU = Release|Any CPU
	EndGlobalSection
	GlobalSection(ProjectConfigurationPlatforms) = postSolution
		{FF2D8230-7C7A-4706-860F-31270CD729E3}.Debug|Any CPU.ActiveCfg = Debug|Any CPU
		{FF2D8230-7C7A-4706-860F-31270CD729E3}.Debug|Any CPU.Build.0 = Debug|Any CPU
		{FF2D8230-7C7A-4706-860F-31270CD729E3}.Release|Any CPU.ActiveCfg = Release|Any CPU
		{FF2D8230-7C7A-4706-860F-31270CD729E3}.Release|Any CPU.Build.0 = Release|Any CPU
		{BABC1855-D348-4137-ACB2-949240EB9D88}.Debug|Any CPU.ActiveCfg = Debug|Any CPU
		{BABC1855-D348-4137-ACB2-949240EB9D88}.Debug|Any CPU.Build.0 = Debug|Any CPU
		{BABC1855-D348-4137-ACB2-949240EB9D88}.Release|Any CPU.ActiveCfg = Release|Any CPU
		{BABC1855-D348-4137-ACB2-949240EB9D88}.Release|Any CPU.Build.0 = Release|Any CPU
		{F99D7E53-3F4C-4830-B0D4-3671EB64FE9C}.Debug|Any CPU.ActiveCfg = Debug|Any CPU
		{F99D7E53-3F4C-4830-B0D4-3671EB64FE9C}.Debug|Any CPU.Build.0 = Debug|Any CPU
		{F99D7E53-3F4C-4830-B0D4-3671EB64FE9C}.Release|Any CPU.ActiveCfg = Release|Any CPU
		{F99D7E53-3F4C-4830-B0D4-3671EB64FE9C}.Release|Any CPU.Build.0 = Release|Any CPU
		{A73C818B-55BF-4586-B9F7-4463DE5B5751}.Debug|Any CPU.ActiveCfg = Debug|Any CPU
		{A73C818B-55BF-4586-B9F7-4463DE5B5751}.Debug|Any CPU.Build.0 = Debug|Any CPU
		{A73C818B-55BF-4586-B9F7-4463DE5B5751}.Release|Any CPU.ActiveCfg = Release|Any CPU
		{A73C818B-55BF-4586-B9F7-4463DE5B5751}.Release|Any CPU.Build.0 = Release|Any CPU
	EndGlobalSection
	GlobalSection(SolutionProperties) = preSolution
		HideSolutionNode = FALSE
	EndGlobalSection
	GlobalSection(NestedProjects) = preSolution
		{FF2D8230-7C7A-4706-860F-31270CD729E3} = {E7F62CB3-F001-4B65-B5A3-C836CDCFDC2F}
		{BABC1855-D348-4137-ACB2-949240EB9D88} = {E7F62CB3-F001-4B65-B5A3-C836CDCFDC2F}
		{F99D7E53-3F4C-4830-B0D4-3671EB64FE9C} = {C451014F-21BD-409C-96ED-93A161855995}
		{A73C818B-55BF-4586-B9F7-4463DE5B5751} = {E7F62CB3-F001-4B65-B5A3-C836CDCFDC2F}
	EndGlobalSection
	GlobalSection(ExtensibilityGlobals) = postSolution
		SolutionGuid = {15411A4C-1B4C-49A0-9EE0-09F3E49319D5}
	EndGlobalSection
EndGlobal
